{
  "name": "linkapi",
  "version": "1.0.0",
  "lockfileVersion": 1,
  "requires": true,
  "dependencies": {
    "js2xmlparser": {
      "version": "4.0.0",
      "resolved": "https://registry.npmjs.org/js2xmlparser/-/js2xmlparser-4.0.0.tgz",
      "integrity": "sha512-WuNgdZOXVmBk5kUPMcTcVUpbGRzLfNkv7+7APq7WiDihpXVKrgxo6wwRpRl9OQeEBgKCVk9mR7RbzrnNWC8oBw==",
      "requires": {
        "xmlcreate": "^2.0.0"
      }
    },
    "xmlcreate": {
      "version": "2.0.1",
      "resolved": "https://registry.npmjs.org/xmlcreate/-/xmlcreate-2.0.1.tgz",
      "integrity": "sha512-MjGsXhKG8YjTKrDCXseFo3ClbMGvUD4en29H2Cev1dv4P/chlpw6KdYmlCWDkhosBVKRDjM836+3e3pm1cBNJA=="
    }
  }
}
